// !$*UTF8*$!
{
	archiveVersion = 1;
	classes = {
	};
	objectVersion = 56;
	objects = {

/* Begin PBXBuildFile section */
		2A9977C12DF2FD5700C2A37F /* SipeFlixIndex_iPad.swift in Sources */ = {isa = PBXBuildFile; fileRef = 2A9977C02DF2FD4B00C2A37F /* SipeFlixIndex_iPad.swift */; };
		2A9977C32DF3033000C2A37F /* MovieCard_iPad.swift in Sources */ = {isa = PBXBuildFile; fileRef = 2A9977C22DF3032700C2A37F /* MovieCard_iPad.swift */; };
		2A9977C52DF3033C00C2A37F /* TVShowCard_iPad.swift in Sources */ = {isa = PBXBuildFile; fileRef = 2A9977C42DF3033500C2A37F /* TVShowCard_iPad.swift */; };
		2A9977C72DF3038D00C2A37F /* MovieCardWrapper.swift in Sources */ = {isa = PBXBuildFile; fileRef = 2A9977C62DF3038500C2A37F /* MovieCardWrapper.swift */; };
		2A9977C92DF303A900C2A37F /* TVShowCardWrapper.swift in Sources */ = {isa = PBXBuildFile; fileRef = 2A9977C82DF303A200C2A37F /* TVShowCardWrapper.swift */; };
		3A13C4212DECCE8E000DD7D9 /* Explore.swift in Sources */ = {isa = PBXBuildFile; fileRef = 3A13C4202DECCE8E000DD7D9 /* Explore.swift */; };
		3A3BD6212DEDDC1F00AEE209 /* ExploreViewModel.swift in Sources */ = {isa = PBXBuildFile; fileRef = 3A3BD6202DEDDC1F00AEE209 /* ExploreViewModel.swift */; };
		3A3BD6232DEDDCC000AEE209 /* CompactMovieCard.swift in Sources */ = {isa = PBXBuildFile; fileRef = 3A3BD6222DEDDCC000AEE209 /* CompactMovieCard.swift */; };
		3A3BD6252DEDF11F00AEE209 /* ExpandedCardView.swift in Sources */ = {isa = PBXBuildFile; fileRef = 3A3BD6242DEDF11F00AEE209 /* ExpandedCardView.swift */; };
		3A9166922DEB8273007E0420 /* SwipeFlixApp.swift in Sources */ = {isa = PBXBuildFile; fileRef = 3A9166912DEB8273007E0420 /* SwipeFlixApp.swift */; };
		3A9166962DEB8277007E0420 /* Assets.xcassets in Resources */ = {isa = PBXBuildFile; fileRef = 3A9166952DEB8277007E0420 /* Assets.xcassets */; };
		3A9166992DEB8277007E0420 /* Preview Assets.xcassets in Resources */ = {isa = PBXBuildFile; fileRef = 3A9166982DEB8277007E0420 /* Preview Assets.xcassets */; };
		3AD0404C2DEB854A008DB045 /* Settings.swift in Sources */ = {isa = PBXBuildFile; fileRef = 3AD0404B2DEB854A008DB045 /* Settings.swift */; };
		3AD0404E2DEB8575008DB045 /* ShareSheet.swift in Sources */ = {isa = PBXBuildFile; fileRef = 3AD0404D2DEB8575008DB045 /* ShareSheet.swift */; };
		3AD040502DEB858F008DB045 /* MailFeedback.swift in Sources */ = {isa = PBXBuildFile; fileRef = 3AD0404F2DEB858F008DB045 /* MailFeedback.swift */; };
		3AD040522DEB85A2008DB045 /* AppVersion.swift in Sources */ = {isa = PBXBuildFile; fileRef = 3AD040512DEB85A2008DB045 /* AppVersion.swift */; };
		3AD040542DEB85BF008DB045 /* Launch Screen.storyboard in Resources */ = {isa = PBXBuildFile; fileRef = 3AD040532DEB85BF008DB045 /* Launch Screen.storyboard */; };
		3AD040572DEB8604008DB045 /* PurchaseView.swift in Sources */ = {isa = PBXBuildFile; fileRef = 3AD040562DEB8604008DB045 /* PurchaseView.swift */; };
		3AD040592DEB861B008DB045 /* StoreManager.swift in Sources */ = {isa = PBXBuildFile; fileRef = 3AD040582DEB861B008DB045 /* StoreManager.swift */; };
		3AD0405C2DEB864C008DB045 /* AlertToast in Frameworks */ = {isa = PBXBuildFile; productRef = 3AD0405B2DEB864C008DB045 /* AlertToast */; };
		3AD0405E2DEB869F008DB045 /* SafariView.swift in Sources */ = {isa = PBXBuildFile; fileRef = 3AD0405D2DEB869F008DB045 /* SafariView.swift */; };
		3AD040602DEB86FB008DB045 /* SwipeFlixIndex.swift in Sources */ = {isa = PBXBuildFile; fileRef = 3AD0405F2DEB86FB008DB045 /* SwipeFlixIndex.swift */; };
		3ADE61BD2DEBAD8200819FD2 /* Movie.swift in Sources */ = {isa = PBXBuildFile; fileRef = 3ADE61BC2DEBAD8200819FD2 /* Movie.swift */; };
		3ADE61BF2DEBADAE00819FD2 /* MovieViewModel.swift in Sources */ = {isa = PBXBuildFile; fileRef = 3ADE61BE2DEBADAE00819FD2 /* MovieViewModel.swift */; };
		3ADE61C12DEBADCA00819FD2 /* MovieCard.swift in Sources */ = {isa = PBXBuildFile; fileRef = 3ADE61C02DEBADCA00819FD2 /* MovieCard.swift */; };
		3ADE61C32DEBAE1500819FD2 /* SwipeCard.swift in Sources */ = {isa = PBXBuildFile; fileRef = 3ADE61C22DEBAE1500819FD2 /* SwipeCard.swift */; };
		3ADE61C52DEBAED800819FD2 /* TVShow.swift in Sources */ = {isa = PBXBuildFile; fileRef = 3ADE61C42DEBAED800819FD2 /* TVShow.swift */; };
		3ADE61C72DEBAEFB00819FD2 /* TVShowViewModel.swift in Sources */ = {isa = PBXBuildFile; fileRef = 3ADE61C62DEBAEFB00819FD2 /* TVShowViewModel.swift */; };
		3ADE61C92DEBAF4900819FD2 /* TVShowCard.swift in Sources */ = {isa = PBXBuildFile; fileRef = 3ADE61C82DEBAF4900819FD2 /* TVShowCard.swift */; };
		3ADE61CB2DEBB7D500819FD2 /* WatchList.swift in Sources */ = {isa = PBXBuildFile; fileRef = 3ADE61CA2DEBB7D500819FD2 /* WatchList.swift */; };
		3AF90EE42DEC4E7D008D58FC /* HBSegmentedControl.swift in Sources */ = {isa = PBXBuildFile; fileRef = 3AF90EE32DEC4E7D008D58FC /* HBSegmentedControl.swift */; };
		3AF90EE62DEC4F24008D58FC /* HBSegmentedWrapper.swift in Sources */ = {isa = PBXBuildFile; fileRef = 3AF90EE52DEC4F24008D58FC /* HBSegmentedWrapper.swift */; };
		3AF90EE82DEC5333008D58FC /* WatchListManager.swift in Sources */ = {isa = PBXBuildFile; fileRef = 3AF90EE72DEC5333008D58FC /* WatchListManager.swift */; };
		3AF90EEA2DEC5A08008D58FC /* RSSNewsModels.swift in Sources */ = {isa = PBXBuildFile; fileRef = 3AF90EE92DEC5A08008D58FC /* RSSNewsModels.swift */; };
		3AF90EEC2DEC5A1D008D58FC /* RSSFetcher.swift in Sources */ = {isa = PBXBuildFile; fileRef = 3AF90EEB2DEC5A1D008D58FC /* RSSFetcher.swift */; };
		3AF90EEE2DEC5A55008D58FC /* String+HTMLDecoding.swift in Sources */ = {isa = PBXBuildFile; fileRef = 3AF90EED2DEC5A55008D58FC /* String+HTMLDecoding.swift */; };
		3AF90EF02DEC5AA1008D58FC /* NewsViewItem.swift in Sources */ = {isa = PBXBuildFile; fileRef = 3AF90EEF2DEC5AA1008D58FC /* NewsViewItem.swift */; };
		3AF90EF22DEC5ABE008D58FC /* NewsViewModel.swift in Sources */ = {isa = PBXBuildFile; fileRef = 3AF90EF12DEC5ABE008D58FC /* NewsViewModel.swift */; };
		3AF90EF42DEC5AEE008D58FC /* NewsCategory.swift in Sources */ = {isa = PBXBuildFile; fileRef = 3AF90EF32DEC5AEE008D58FC /* NewsCategory.swift */; };
		3AF90EF62DEC5B63008D58FC /* NewsIndex.swift in Sources */ = {isa = PBXBuildFile; fileRef = 3AF90EF52DEC5B63008D58FC /* NewsIndex.swift */; };
		3AF90EF82DEC7BB0008D58FC /* WatchListRowView.swift in Sources */ = {isa = PBXBuildFile; fileRef = 3AF90EF72DEC7BB0008D58FC /* WatchListRowView.swift */; };
/* End PBXBuildFile section */

/* Begin PBXFileReference section */
		2A9977C02DF2FD4B00C2A37F /* SipeFlixIndex_iPad.swift */ = {isa = PBXFileReference; lastKnownFileType = sourcecode.swift; path = SipeFlixIndex_iPad.swift; sourceTree = "<group>"; };
		2A9977C22DF3032700C2A37F /* MovieCard_iPad.swift */ = {isa = PBXFileReference; lastKnownFileType = sourcecode.swift; path = MovieCard_iPad.swift; sourceTree = "<group>"; };
		2A9977C42DF3033500C2A37F /* TVShowCard_iPad.swift */ = {isa = PBXFileReference; lastKnownFileType = sourcecode.swift; path = TVShowCard_iPad.swift; sourceTree = "<group>"; };
		2A9977C62DF3038500C2A37F /* MovieCardWrapper.swift */ = {isa = PBXFileReference; lastKnownFileType = sourcecode.swift; path = MovieCardWrapper.swift; sourceTree = "<group>"; };
		2A9977C82DF303A200C2A37F /* TVShowCardWrapper.swift */ = {isa = PBXFileReference; lastKnownFileType = sourcecode.swift; path = TVShowCardWrapper.swift; sourceTree = "<group>"; };
		3A13C4202DECCE8E000DD7D9 /* Explore.swift */ = {isa = PBXFileReference; lastKnownFileType = sourcecode.swift; path = Explore.swift; sourceTree = "<group>"; };
		3A3BD6202DEDDC1F00AEE209 /* ExploreViewModel.swift */ = {isa = PBXFileReference; lastKnownFileType = sourcecode.swift; path = ExploreViewModel.swift; sourceTree = "<group>"; };
		3A3BD6222DEDDCC000AEE209 /* CompactMovieCard.swift */ = {isa = PBXFileReference; lastKnownFileType = sourcecode.swift; path = CompactMovieCard.swift; sourceTree = "<group>"; };
		3A3BD6242DEDF11F00AEE209 /* ExpandedCardView.swift */ = {isa = PBXFileReference; lastKnownFileType = sourcecode.swift; path = ExpandedCardView.swift; sourceTree = "<group>"; };
		3A91668E2DEB8273007E0420 /* SwipeFlix.app */ = {isa = PBXFileReference; explicitFileType = wrapper.application; includeInIndex = 0; path = SwipeFlix.app; sourceTree = BUILT_PRODUCTS_DIR; };
		3A9166912DEB8273007E0420 /* SwipeFlixApp.swift */ = {isa = PBXFileReference; lastKnownFileType = sourcecode.swift; path = SwipeFlixApp.swift; sourceTree = "<group>"; };
		3A9166952DEB8277007E0420 /* Assets.xcassets */ = {isa = PBXFileReference; lastKnownFileType = folder.assetcatalog; path = Assets.xcassets; sourceTree = "<group>"; };
		3A9166982DEB8277007E0420 /* Preview Assets.xcassets */ = {isa = PBXFileReference; lastKnownFileType = folder.assetcatalog; path = "Preview Assets.xcassets"; sourceTree = "<group>"; };
		3AD0404B2DEB854A008DB045 /* Settings.swift */ = {isa = PBXFileReference; lastKnownFileType = sourcecode.swift; path = Settings.swift; sourceTree = "<group>"; };
		3AD0404D2DEB8575008DB045 /* ShareSheet.swift */ = {isa = PBXFileReference; lastKnownFileType = sourcecode.swift; path = ShareSheet.swift; sourceTree = "<group>"; };
		3AD0404F2DEB858F008DB045 /* MailFeedback.swift */ = {isa = PBXFileReference; lastKnownFileType = sourcecode.swift; path = MailFeedback.swift; sourceTree = "<group>"; };
		3AD040512DEB85A2008DB045 /* AppVersion.swift */ = {isa = PBXFileReference; lastKnownFileType = sourcecode.swift; path = AppVersion.swift; sourceTree = "<group>"; };
		3AD040532DEB85BF008DB045 /* Launch Screen.storyboard */ = {isa = PBXFileReference; lastKnownFileType = file.storyboard; path = "Launch Screen.storyboard"; sourceTree = "<group>"; };
		3AD040562DEB8604008DB045 /* PurchaseView.swift */ = {isa = PBXFileReference; lastKnownFileType = sourcecode.swift; path = PurchaseView.swift; sourceTree = "<group>"; };
		3AD040582DEB861B008DB045 /* StoreManager.swift */ = {isa = PBXFileReference; lastKnownFileType = sourcecode.swift; path = StoreManager.swift; sourceTree = "<group>"; };
		3AD0405D2DEB869F008DB045 /* SafariView.swift */ = {isa = PBXFileReference; lastKnownFileType = sourcecode.swift; path = SafariView.swift; sourceTree = "<group>"; };
		3AD0405F2DEB86FB008DB045 /* SwipeFlixIndex.swift */ = {isa = PBXFileReference; lastKnownFileType = sourcecode.swift; path = SwipeFlixIndex.swift; sourceTree = "<group>"; };
		3ADE61BC2DEBAD8200819FD2 /* Movie.swift */ = {isa = PBXFileReference; lastKnownFileType = sourcecode.swift; path = Movie.swift; sourceTree = "<group>"; };
		3ADE61BE2DEBADAE00819FD2 /* MovieViewModel.swift */ = {isa = PBXFileReference; lastKnownFileType = sourcecode.swift; path = MovieViewModel.swift; sourceTree = "<group>"; };
		3ADE61C02DEBADCA00819FD2 /* MovieCard.swift */ = {isa = PBXFileReference; lastKnownFileType = sourcecode.swift; path = MovieCard.swift; sourceTree = "<group>"; };
		3ADE61C22DEBAE1500819FD2 /* SwipeCard.swift */ = {isa = PBXFileReference; lastKnownFileType = sourcecode.swift; path = SwipeCard.swift; sourceTree = "<group>"; };
		3ADE61C42DEBAED800819FD2 /* TVShow.swift */ = {isa = PBXFileReference; lastKnownFileType = sourcecode.swift; path = TVShow.swift; sourceTree = "<group>"; };
		3ADE61C62DEBAEFB00819FD2 /* TVShowViewModel.swift */ = {isa = PBXFileReference; lastKnownFileType = sourcecode.swift; path = TVShowViewModel.swift; sourceTree = "<group>"; };
		3ADE61C82DEBAF4900819FD2 /* TVShowCard.swift */ = {isa = PBXFileReference; lastKnownFileType = sourcecode.swift; path = TVShowCard.swift; sourceTree = "<group>"; };
		3ADE61CA2DEBB7D500819FD2 /* WatchList.swift */ = {isa = PBXFileReference; lastKnownFileType = sourcecode.swift; path = WatchList.swift; sourceTree = "<group>"; };
		3AF90EE32DEC4E7D008D58FC /* HBSegmentedControl.swift */ = {isa = PBXFileReference; lastKnownFileType = sourcecode.swift; path = HBSegmentedControl.swift; sourceTree = "<group>"; };
		3AF90EE52DEC4F24008D58FC /* HBSegmentedWrapper.swift */ = {isa = PBXFileReference; lastKnownFileType = sourcecode.swift; path = HBSegmentedWrapper.swift; sourceTree = "<group>"; };
		3AF90EE72DEC5333008D58FC /* WatchListManager.swift */ = {isa = PBXFileReference; lastKnownFileType = sourcecode.swift; path = WatchListManager.swift; sourceTree = "<group>"; };
		3AF90EE92DEC5A08008D58FC /* RSSNewsModels.swift */ = {isa = PBXFileReference; lastKnownFileType = sourcecode.swift; path = RSSNewsModels.swift; sourceTree = "<group>"; };
		3AF90EEB2DEC5A1D008D58FC /* RSSFetcher.swift */ = {isa = PBXFileReference; lastKnownFileType = sourcecode.swift; path = RSSFetcher.swift; sourceTree = "<group>"; };
		3AF90EED2DEC5A55008D58FC /* String+HTMLDecoding.swift */ = {isa = PBXFileReference; lastKnownFileType = sourcecode.swift; path = "String+HTMLDecoding.swift"; sourceTree = "<group>"; };
		3AF90EEF2DEC5AA1008D58FC /* NewsViewItem.swift */ = {isa = PBXFileReference; lastKnownFileType = sourcecode.swift; path = NewsViewItem.swift; sourceTree = "<group>"; };
		3AF90EF12DEC5ABE008D58FC /* NewsViewModel.swift */ = {isa = PBXFileReference; lastKnownFileType = sourcecode.swift; path = NewsViewModel.swift; sourceTree = "<group>"; };
		3AF90EF32DEC5AEE008D58FC /* NewsCategory.swift */ = {isa = PBXFileReference; lastKnownFileType = sourcecode.swift; path = NewsCategory.swift; sourceTree = "<group>"; };
		3AF90EF52DEC5B63008D58FC /* NewsIndex.swift */ = {isa = PBXFileReference; lastKnownFileType = sourcecode.swift; path = NewsIndex.swift; sourceTree = "<group>"; };
		3AF90EF72DEC7BB0008D58FC /* WatchListRowView.swift */ = {isa = PBXFileReference; lastKnownFileType = sourcecode.swift; path = WatchListRowView.swift; sourceTree = "<group>"; };
/* End PBXFileReference section */

/* Begin PBXFrameworksBuildPhase section */
		3A91668B2DEB8273007E0420 /* Frameworks */ = {
			isa = PBXFrameworksBuildPhase;
			buildActionMask = 2147483647;
			files = (
				3AD0405C2DEB864C008DB045 /* AlertToast in Frameworks */,
			);
			runOnlyForDeploymentPostprocessing = 0;
		};
/* End PBXFrameworksBuildPhase section */

/* Begin PBXGroup section */
		3A9166852DEB8272007E0420 = {
			isa = PBXGroup;
			children = (
				3A9166902DEB8273007E0420 /* SwipeFlix */,
				3A91668F2DEB8273007E0420 /* Products */,
			);
			sourceTree = "<group>";
		};
		3A91668F2DEB8273007E0420 /* Products */ = {
			isa = PBXGroup;
			children = (
				3A91668E2DEB8273007E0420 /* SwipeFlix.app */,
			);
			name = Products;
			sourceTree = "<group>";
		};
		3A9166902DEB8273007E0420 /* SwipeFlix */ = {
			isa = PBXGroup;
			children = (
				3A9166912DEB8273007E0420 /* SwipeFlixApp.swift */,
				3AD0405F2DEB86FB008DB045 /* SwipeFlixIndex.swift */,
				2A9977C02DF2FD4B00C2A37F /* SipeFlixIndex_iPad.swift */,
				3AF90EF52DEC5B63008D58FC /* NewsIndex.swift */,
				3A9166952DEB8277007E0420 /* Assets.xcassets */,
				3AD040532DEB85BF008DB045 /* Launch Screen.storyboard */,
				3AD0404A2DEB853B008DB045 /* Views */,
				3AD040482DEB8518008DB045 /* Funktioner */,
				3AD040492DEB8523008DB045 /* DataFetcher */,
				3AD040552DEB85E9008DB045 /* in-app purchase */,
				3A9166972DEB8277007E0420 /* Preview Content */,
			);
			path = SwipeFlix;
			sourceTree = "<group>";
		};
		3A9166972DEB8277007E0420 /* Preview Content */ = {
			isa = PBXGroup;
			children = (
				3A9166982DEB8277007E0420 /* Preview Assets.xcassets */,
			);
			path = "Preview Content";
			sourceTree = "<group>";
		};
		3AD040482DEB8518008DB045 /* Funktioner */ = {
			isa = PBXGroup;
			children = (
				3AD0404D2DEB8575008DB045 /* ShareSheet.swift */,
				3AD0404F2DEB858F008DB045 /* MailFeedback.swift */,
				3AD040512DEB85A2008DB045 /* AppVersion.swift */,
				3ADE61C22DEBAE1500819FD2 /* SwipeCard.swift */,
				3AF90EE32DEC4E7D008D58FC /* HBSegmentedControl.swift */,
				3AF90EE52DEC4F24008D58FC /* HBSegmentedWrapper.swift */,
				3AF90EE72DEC5333008D58FC /* WatchListManager.swift */,
			);
			path = Funktioner;
			sourceTree = "<group>";
		};
		3AD040492DEB8523008DB045 /* DataFetcher */ = {
			isa = PBXGroup;
			children = (
				3ADE61BC2DEBAD8200819FD2 /* Movie.swift */,
				3ADE61C42DEBAED800819FD2 /* TVShow.swift */,
				3AF90EE92DEC5A08008D58FC /* RSSNewsModels.swift */,
				3AF90EEB2DEC5A1D008D58FC /* RSSFetcher.swift */,
				3AF90EED2DEC5A55008D58FC /* String+HTMLDecoding.swift */,
			);
			path = DataFetcher;
			sourceTree = "<group>";
		};
		3AD0404A2DEB853B008DB045 /* Views */ = {
			isa = PBXGroup;
			children = (
				2A9977C82DF303A200C2A37F /* TVShowCardWrapper.swift */,
				2A9977C62DF3038500C2A37F /* MovieCardWrapper.swift */,
				3AD0404B2DEB854A008DB045 /* Settings.swift */,
				3AD0405D2DEB869F008DB045 /* SafariView.swift */,
				3ADE61BE2DEBADAE00819FD2 /* MovieViewModel.swift */,
				3ADE61C02DEBADCA00819FD2 /* MovieCard.swift */,
				2A9977C22DF3032700C2A37F /* MovieCard_iPad.swift */,
				3ADE61C62DEBAEFB00819FD2 /* TVShowViewModel.swift */,
				3ADE61C82DEBAF4900819FD2 /* TVShowCard.swift */,
				2A9977C42DF3033500C2A37F /* TVShowCard_iPad.swift */,
				3ADE61CA2DEBB7D500819FD2 /* WatchList.swift */,
				3AF90EF12DEC5ABE008D58FC /* NewsViewModel.swift */,
				3AF90EF32DEC5AEE008D58FC /* NewsCategory.swift */,
				3AF90EF72DEC7BB0008D58FC /* WatchListRowView.swift */,
				3A13C4202DECCE8E000DD7D9 /* Explore.swift */,
				3A3BD6202DEDDC1F00AEE209 /* ExploreViewModel.swift */,
				3A3BD6222DEDDCC000AEE209 /* CompactMovieCard.swift */,
				3A3BD6242DEDF11F00AEE209 /* ExpandedCardView.swift */,
				3AF90EEF2DEC5AA1008D58FC /* NewsViewItem.swift */,
			);
			path = Views;
			sourceTree = "<group>";
		};
		3AD040552DEB85E9008DB045 /* in-app purchase */ = {
			isa = PBXGroup;
			children = (
				3AD040562DEB8604008DB045 /* PurchaseView.swift */,
				3AD040582DEB861B008DB045 /* StoreManager.swift */,
			);
			path = "in-app purchase";
			sourceTree = "<group>";
		};
/* End PBXGroup section */

/* Begin PBXNativeTarget section */
		3A91668D2DEB8273007E0420 /* SwipeFlix */ = {
			isa = PBXNativeTarget;
			buildConfigurationList = 3A91669C2DEB8277007E0420 /* Build configuration list for PBXNativeTarget "SwipeFlix" */;
			buildPhases = (
				3A91668A2DEB8273007E0420 /* Sources */,
				3A91668B2DEB8273007E0420 /* Frameworks */,
				3A91668C2DEB8273007E0420 /* Resources */,
			);
			buildRules = (
			);
			dependencies = (
			);
			name = SwipeFlix;
			packageProductDependencies = (
				3AD0405B2DEB864C008DB045 /* AlertToast */,
			);
			productName = SwipeFlix;
			productReference = 3A91668E2DEB8273007E0420 /* SwipeFlix.app */;
			productType = "com.apple.product-type.application";
		};
/* End PBXNativeTarget section */

/* Begin PBXProject section */
		3A9166862DEB8272007E0420 /* Project object */ = {
			isa = PBXProject;
			attributes = {
				BuildIndependentTargetsInParallel = 1;
				LastSwiftUpdateCheck = 1520;
				LastUpgradeCheck = 1640;
				TargetAttributes = {
					3A91668D2DEB8273007E0420 = {
						CreatedOnToolsVersion = 15.2;
					};
				};
			};
			buildConfigurationList = 3A9166892DEB8272007E0420 /* Build configuration list for PBXProject "SwipeFlix" */;
			compatibilityVersion = "Xcode 14.0";
			developmentRegion = en;
			hasScannedForEncodings = 0;
			knownRegions = (
				en,
				Base,
			);
			mainGroup = 3A9166852DEB8272007E0420;
			packageReferences = (
				3AD0405A2DEB864C008DB045 /* XCRemoteSwiftPackageReference "AlertToast" */,
			);
			productRefGroup = 3A91668F2DEB8273007E0420 /* Products */;
			projectDirPath = "";
			projectRoot = "";
			targets = (
				3A91668D2DEB8273007E0420 /* SwipeFlix */,
			);
		};
/* End PBXProject section */

/* Begin PBXResourcesBuildPhase section */
		3A91668C2DEB8273007E0420 /* Resources */ = {
			isa = PBXResourcesBuildPhase;
			buildActionMask = 2147483647;
			files = (
				3AD040542DEB85BF008DB045 /* Launch Screen.storyboard in Resources */,
				3A9166992DEB8277007E0420 /* Preview Assets.xcassets in Resources */,
				3A9166962DEB8277007E0420 /* Assets.xcassets in Resources */,
			);
			runOnlyForDeploymentPostprocessing = 0;
		};
/* End PBXResourcesBuildPhase section */

/* Begin PBXSourcesBuildPhase section */
		3A91668A2DEB8273007E0420 /* Sources */ = {
			isa = PBXSourcesBuildPhase;
			buildActionMask = 2147483647;
			files = (
				2A9977C72DF3038D00C2A37F /* MovieCardWrapper.swift in Sources */,
				3ADE61C92DEBAF4900819FD2 /* TVShowCard.swift in Sources */,
				3AD040572DEB8604008DB045 /* PurchaseView.swift in Sources */,
				3AD0405E2DEB869F008DB045 /* SafariView.swift in Sources */,
				3A13C4212DECCE8E000DD7D9 /* Explore.swift in Sources */,
				3AF90EF82DEC7BB0008D58FC /* WatchListRowView.swift in Sources */,
				3AD040522DEB85A2008DB045 /* AppVersion.swift in Sources */,
				2A9977C12DF2FD5700C2A37F /* SipeFlixIndex_iPad.swift in Sources */,
				3A3BD6232DEDDCC000AEE209 /* CompactMovieCard.swift in Sources */,
				3A3BD6212DEDDC1F00AEE209 /* ExploreViewModel.swift in Sources */,
				2A9977C52DF3033C00C2A37F /* TVShowCard_iPad.swift in Sources */,
				3AF90EEE2DEC5A55008D58FC /* String+HTMLDecoding.swift in Sources */,
				3AF90EEC2DEC5A1D008D58FC /* RSSFetcher.swift in Sources */,
				3AD0404C2DEB854A008DB045 /* Settings.swift in Sources */,
				2A9977C32DF3033000C2A37F /* MovieCard_iPad.swift in Sources */,
				2A9977C92DF303A900C2A37F /* TVShowCardWrapper.swift in Sources */,
				3ADE61BD2DEBAD8200819FD2 /* Movie.swift in Sources */,
				3AF90EF42DEC5AEE008D58FC /* NewsCategory.swift in Sources */,
				3A9166922DEB8273007E0420 /* SwipeFlixApp.swift in Sources */,
				3ADE61C32DEBAE1500819FD2 /* SwipeCard.swift in Sources */,
				3A3BD6252DEDF11F00AEE209 /* ExpandedCardView.swift in Sources */,
				3ADE61CB2DEBB7D500819FD2 /* WatchList.swift in Sources */,
				3AD040592DEB861B008DB045 /* StoreManager.swift in Sources */,
				3AF90EF22DEC5ABE008D58FC /* NewsViewModel.swift in Sources */,
				3AF90EE42DEC4E7D008D58FC /* HBSegmentedControl.swift in Sources */,
				3AD040502DEB858F008DB045 /* MailFeedback.swift in Sources */,
				3ADE61C72DEBAEFB00819FD2 /* TVShowViewModel.swift in Sources */,
				3ADE61C12DEBADCA00819FD2 /* MovieCard.swift in Sources */,
				3AF90EE62DEC4F24008D58FC /* HBSegmentedWrapper.swift in Sources */,
				3AF90EE82DEC5333008D58FC /* WatchListManager.swift in Sources */,
				3AF90EEA2DEC5A08008D58FC /* RSSNewsModels.swift in Sources */,
				3ADE61C52DEBAED800819FD2 /* TVShow.swift in Sources */,
				3AF90EF02DEC5AA1008D58FC /* NewsViewItem.swift in Sources */,
				3AF90EF62DEC5B63008D58FC /* NewsIndex.swift in Sources */,
				3ADE61BF2DEBADAE00819FD2 /* MovieViewModel.swift in Sources */,
				3AD040602DEB86FB008DB045 /* SwipeFlixIndex.swift in Sources */,
				3AD0404E2DEB8575008DB045 /* ShareSheet.swift in Sources */,
			);
			runOnlyForDeploymentPostprocessing = 0;
		};
/* End PBXSourcesBuildPhase section */

/* Begin XCBuildConfiguration section */
		3A91669A2DEB8277007E0420 /* Debug */ = {
			isa = XCBuildConfiguration;
			buildSettings = {
				ALWAYS_SEARCH_USER_PATHS = NO;
				ASSETCATALOG_COMPILER_GENERATE_SWIFT_ASSET_SYMBOL_EXTENSIONS = YES;
				CLANG_ANALYZER_NONNULL = YES;
				CLANG_ANALYZER_NUMBER_OBJECT_CONVERSION = YES_AGGRESSIVE;
				CLANG_CXX_LANGUAGE_STANDARD = "gnu++20";
				CLANG_ENABLE_MODULES = YES;
				CLANG_ENABLE_OBJC_ARC = YES;
				CLANG_ENABLE_OBJC_WEAK = YES;
				CLANG_WARN_BLOCK_CAPTURE_AUTORELEASING = YES;
				CLANG_WARN_BOOL_CONVERSION = YES;
				CLANG_WARN_COMMA = YES;
				CLANG_WARN_CONSTANT_CONVERSION = YES;
				CLANG_WARN_DEPRECATED_OBJC_IMPLEMENTATIONS = YES;
				CLANG_WARN_DIRECT_OBJC_ISA_USAGE = YES_ERROR;
				CLANG_WARN_DOCUMENTATION_COMMENTS = YES;
				CLANG_WARN_EMPTY_BODY = YES;
				CLANG_WARN_ENUM_CONVERSION = YES;
				CLANG_WARN_INFINITE_RECURSION = YES;
				CLANG_WARN_INT_CONVERSION = YES;
				CLANG_WARN_NON_LITERAL_NULL_CONVERSION = YES;
				CLANG_WARN_OBJC_IMPLICIT_RETAIN_SELF = YES;
				CLANG_WARN_OBJC_LITERAL_CONVERSION = YES;
				CLANG_WARN_OBJC_ROOT_CLASS = YES_ERROR;
				CLANG_WARN_QUOTED_INCLUDE_IN_FRAMEWORK_HEADER = YES;
				CLANG_WARN_RANGE_LOOP_ANALYSIS = YES;
				CLANG_WARN_STRICT_PROTOTYPES = YES;
				CLANG_WARN_SUSPICIOUS_MOVE = YES;
				CLANG_WARN_UNGUARDED_AVAILABILITY = YES_AGGRESSIVE;
				CLANG_WARN_UNREACHABLE_CODE = YES;
				CLANG_WARN__DUPLICATE_METHOD_MATCH = YES;
				COPY_PHASE_STRIP = NO;
				DEBUG_INFORMATION_FORMAT = dwarf;
				DEVELOPMENT_TEAM = U4LPX7NYV2;
				ENABLE_STRICT_OBJC_MSGSEND = YES;
				ENABLE_TESTABILITY = YES;
				ENABLE_USER_SCRIPT_SANDBOXING = YES;
				GCC_C_LANGUAGE_STANDARD = gnu17;
				GCC_DYNAMIC_NO_PIC = NO;
				GCC_NO_COMMON_BLOCKS = YES;
				GCC_OPTIMIZATION_LEVEL = 0;
				GCC_PREPROCESSOR_DEFINITIONS = (
					"DEBUG=1",
					"$(inherited)",
				);
				GCC_WARN_64_TO_32_BIT_CONVERSION = YES;
				GCC_WARN_ABOUT_RETURN_TYPE = YES_ERROR;
				GCC_WARN_UNDECLARED_SELECTOR = YES;
				GCC_WARN_UNINITIALIZED_AUTOS = YES_AGGRESSIVE;
				GCC_WARN_UNUSED_FUNCTION = YES;
				GCC_WARN_UNUSED_VARIABLE = YES;
				IPHONEOS_DEPLOYMENT_TARGET = 17.2;
				LOCALIZATION_PREFERS_STRING_CATALOGS = YES;
				MTL_ENABLE_DEBUG_INFO = INCLUDE_SOURCE;
				MTL_FAST_MATH = YES;
				ONLY_ACTIVE_ARCH = YES;
				SDKROOT = iphoneos;
				SWIFT_ACTIVE_COMPILATION_CONDITIONS = "DEBUG $(inherited)";
				SWIFT_OPTIMIZATION_LEVEL = "-Onone";
			};
			name = Debug;
		};
		3A91669B2DEB8277007E0420 /* Release */ = {
			isa = XCBuildConfiguration;
			buildSettings = {
				ALWAYS_SEARCH_USER_PATHS = NO;
				ASSETCATALOG_COMPILER_GENERATE_SWIFT_ASSET_SYMBOL_EXTENSIONS = YES;
				CLANG_ANALYZER_NONNULL = YES;
				CLANG_ANALYZER_NUMBER_OBJECT_CONVERSION = YES_AGGRESSIVE;
				CLANG_CXX_LANGUAGE_STANDARD = "gnu++20";
				CLANG_ENABLE_MODULES = YES;
				CLANG_ENABLE_OBJC_ARC = YES;
				CLANG_ENABLE_OBJC_WEAK = YES;
				CLANG_WARN_BLOCK_CAPTURE_AUTORELEASING = YES;
				CLANG_WARN_BOOL_CONVERSION = YES;
				CLANG_WARN_COMMA = YES;
				CLANG_WARN_CONSTANT_CONVERSION = YES;
				CLANG_WARN_DEPRECATED_OBJC_IMPLEMENTATIONS = YES;
				CLANG_WARN_DIRECT_OBJC_ISA_USAGE = YES_ERROR;
				CLANG_WARN_DOCUMENTATION_COMMENTS = YES;
				CLANG_WARN_EMPTY_BODY = YES;
				CLANG_WARN_ENUM_CONVERSION = YES;
				CLANG_WARN_INFINITE_RECURSION = YES;
				CLANG_WARN_INT_CONVERSION = YES;
				CLANG_WARN_NON_LITERAL_NULL_CONVERSION = YES;
				CLANG_WARN_OBJC_IMPLICIT_RETAIN_SELF = YES;
				CLANG_WARN_OBJC_LITERAL_CONVERSION = YES;
				CLANG_WARN_OBJC_ROOT_CLASS = YES_ERROR;
				CLANG_WARN_QUOTED_INCLUDE_IN_FRAMEWORK_HEADER = YES;
				CLANG_WARN_RANGE_LOOP_ANALYSIS = YES;
				CLANG_WARN_STRICT_PROTOTYPES = YES;
				CLANG_WARN_SUSPICIOUS_MOVE = YES;
				CLANG_WARN_UNGUARDED_AVAILABILITY = YES_AGGRESSIVE;
				CLANG_WARN_UNREACHABLE_CODE = YES;
				CLANG_WARN__DUPLICATE_METHOD_MATCH = YES;
				COPY_PHASE_STRIP = NO;
				DEBUG_INFORMATION_FORMAT = "dwarf-with-dsym";
				DEVELOPMENT_TEAM = U4LPX7NYV2;
				ENABLE_NS_ASSERTIONS = NO;
				ENABLE_STRICT_OBJC_MSGSEND = YES;
				ENABLE_USER_SCRIPT_SANDBOXING = YES;
				GCC_C_LANGUAGE_STANDARD = gnu17;
				GCC_NO_COMMON_BLOCKS = YES;
				GCC_WARN_64_TO_32_BIT_CONVERSION = YES;
				GCC_WARN_ABOUT_RETURN_TYPE = YES_ERROR;
				GCC_WARN_UNDECLARED_SELECTOR = YES;
				GCC_WARN_UNINITIALIZED_AUTOS = YES_AGGRESSIVE;
				GCC_WARN_UNUSED_FUNCTION = YES;
				GCC_WARN_UNUSED_VARIABLE = YES;
				IPHONEOS_DEPLOYMENT_TARGET = 17.2;
				LOCALIZATION_PREFERS_STRING_CATALOGS = YES;
				MTL_ENABLE_DEBUG_INFO = NO;
				MTL_FAST_MATH = YES;
				SDKROOT = iphoneos;
				SWIFT_COMPILATION_MODE = wholemodule;
				VALIDATE_PRODUCT = YES;
			};
			name = Release;
		};
		3A91669D2DEB8277007E0420 /* Debug */ = {
			isa = XCBuildConfiguration;
			buildSettings = {
				ASSETCATALOG_COMPILER_APPICON_NAME = AppIcon;
				ASSETCATALOG_COMPILER_GLOBAL_ACCENT_COLOR_NAME = AccentColor;
				CODE_SIGN_IDENTITY = "Apple Development";
				CODE_SIGN_STYLE = Automatic;
				CURRENT_PROJECT_VERSION = 1;
				DEVELOPMENT_ASSET_PATHS = "\"SwipeFlix/Preview Content\"";
				ENABLE_PREVIEWS = YES;
				GENERATE_INFOPLIST_FILE = YES;
				INFOPLIST_KEY_LSApplicationCategoryType = "public.app-category.entertainment";
				INFOPLIST_KEY_UIApplicationSceneManifest_Generation = YES;
				INFOPLIST_KEY_UIApplicationSupportsIndirectInputEvents = YES;
				INFOPLIST_KEY_UILaunchScreen_Generation = YES;
				INFOPLIST_KEY_UISupportedInterfaceOrientations_iPad = "UIInterfaceOrientationPortrait UIInterfaceOrientationPortraitUpsideDown UIInterfaceOrientationLandscapeLeft UIInterfaceOrientationLandscapeRight";
				INFOPLIST_KEY_UISupportedInterfaceOrientations_iPhone = "UIInterfaceOrientationPortrait UIInterfaceOrientationLandscapeLeft UIInterfaceOrientationLandscapeRight";
				IPHONEOS_DEPLOYMENT_TARGET = 16.0;
				LD_RUNPATH_SEARCH_PATHS = (
					"$(inherited)",
					"@executable_path/Frameworks",
				);
				MARKETING_VERSION = 1.0;
				PRODUCT_BUNDLE_IDENTIFIER = AdrianNeshad.SwipeFlix;
				PRODUCT_NAME = "$(TARGET_NAME)";
				PROVISIONING_PROFILE_SPECIFIER = "";
				SUPPORTED_PLATFORMS = "iphoneos iphonesimulator";
				SUPPORTS_MACCATALYST = NO;
				SUPPORTS_MAC_DESIGNED_FOR_IPHONE_IPAD = NO;
				SUPPORTS_XR_DESIGNED_FOR_IPHONE_IPAD = NO;
				SWIFT_EMIT_LOC_STRINGS = YES;
				SWIFT_VERSION = 5.0;
				TARGETED_DEVICE_FAMILY = "1,2";
			};
			name = Debug;
		};
		3A91669E2DEB8277007E0420 /* Release */ = {
			isa = XCBuildConfiguration;
			buildSettings = {
				ASSETCATALOG_COMPILER_APPICON_NAME = AppIcon;
				ASSETCATALOG_COMPILER_GLOBAL_ACCENT_COLOR_NAME = AccentColor;
				CODE_SIGN_IDENTITY = "Apple Development";
				CODE_SIGN_STYLE = Automatic;
				CURRENT_PROJECT_VERSION = 1;
				DEVELOPMENT_ASSET_PATHS = "\"SwipeFlix/Preview Content\"";
				ENABLE_PREVIEWS = YES;
				GENERATE_INFOPLIST_FILE = YES;
				INFOPLIST_KEY_LSApplicationCategoryType = "public.app-category.entertainment";
				INFOPLIST_KEY_UIApplicationSceneManifest_Generation = YES;
				INFOPLIST_KEY_UIApplicationSupportsIndirectInputEvents = YES;
				INFOPLIST_KEY_UILaunchScreen_Generation = YES;
				INFOPLIST_KEY_UISupportedInterfaceOrientations_iPad = "UIInterfaceOrientationPortrait UIInterfaceOrientationPortraitUpsideDown UIInterfaceOrientationLandscapeLeft UIInterfaceOrientationLandscapeRight";
				INFOPLIST_KEY_UISupportedInterfaceOrientations_iPhone = "UIInterfaceOrientationPortrait UIInterfaceOrientationLandscapeLeft UIInterfaceOrientationLandscapeRight";
				IPHONEOS_DEPLOYMENT_TARGET = 16.0;
				LD_RUNPATH_SEARCH_PATHS = (
					"$(inherited)",
					"@executable_path/Frameworks",
				);
				MARKETING_VERSION = 1.0;
				PRODUCT_BUNDLE_IDENTIFIER = AdrianNeshad.SwipeFlix;
				PRODUCT_NAME = "$(TARGET_NAME)";
				PROVISIONING_PROFILE_SPECIFIER = "";
				SUPPORTED_PLATFORMS = "iphoneos iphonesimulator";
				SUPPORTS_MACCATALYST = NO;
				SUPPORTS_MAC_DESIGNED_FOR_IPHONE_IPAD = NO;
				SUPPORTS_XR_DESIGNED_FOR_IPHONE_IPAD = NO;
				SWIFT_EMIT_LOC_STRINGS = YES;
				SWIFT_VERSION = 5.0;
				TARGETED_DEVICE_FAMILY = "1,2";
			};
			name = Release;
		};
/* End XCBuildConfiguration section */

/* Begin XCConfigurationList section */
		3A9166892DEB8272007E0420 /* Build configuration list for PBXProject "SwipeFlix" */ = {
			isa = XCConfigurationList;
			buildConfigurations = (
				3A91669A2DEB8277007E0420 /* Debug */,
				3A91669B2DEB8277007E0420 /* Release */,
			);
			defaultConfigurationIsVisible = 0;
			defaultConfigurationName = Release;
		};
		3A91669C2DEB8277007E0420 /* Build configuration list for PBXNativeTarget "SwipeFlix" */ = {
			isa = XCConfigurationList;
			buildConfigurations = (
				3A91669D2DEB8277007E0420 /* Debug */,
				3A91669E2DEB8277007E0420 /* Release */,
			);
			defaultConfigurationIsVisible = 0;
			defaultConfigurationName = Release;
		};
/* End XCConfigurationList section */

/* Begin XCRemoteSwiftPackageReference section */
		3AD0405A2DEB864C008DB045 /* XCRemoteSwiftPackageReference "AlertToast" */ = {
			isa = XCRemoteSwiftPackageReference;
			repositoryURL = "https://github.com/elai950/AlertToast";
			requirement = {
				kind = upToNextMajorVersion;
				minimumVersion = 1.3.9;
			};
		};
/* End XCRemoteSwiftPackageReference section */

/* Begin XCSwiftPackageProductDependency section */
		3AD0405B2DEB864C008DB045 /* AlertToast */ = {
			isa = XCSwiftPackageProductDependency;
			package = 3AD0405A2DEB864C008DB045 /* XCRemoteSwiftPackageReference "AlertToast" */;
			productName = AlertToast;
		};
/* End XCSwiftPackageProductDependency section */
	};
	rootObject = 3A9166862DEB8272007E0420 /* Project object */;
}
